// !$*UTF8*$!
{
	archiveVersion = 1;
	classes = {
	};
	objectVersion = 46;
	objects = {

/* Begin PBXBuildFile section */
		2B8994DD1CA3C14E0084E61A /* AppDelegate.swift in Sources */ = {isa = PBXBuildFile; fileRef = 2B8994DC1CA3C14E0084E61A /* AppDelegate.swift */; };
		2B8994DF1CA3C14E0084E61A /* ViewController.swift in Sources */ = {isa = PBXBuildFile; fileRef = 2B8994DE1CA3C14E0084E61A /* ViewController.swift */; };
		2B8994E21CA3C14E0084E61A /* Main.storyboard in Resources */ = {isa = PBXBuildFile; fileRef = 2B8994E01CA3C14E0084E61A /* Main.storyboard */; };
		2B8994E41CA3C14E0084E61A /* Assets.xcassets in Resources */ = {isa = PBXBuildFile; fileRef = 2B8994E31CA3C14E0084E61A /* Assets.xcassets */; };
		2B8994E71CA3C14E0084E61A /* LaunchScreen.storyboard in Resources */ = {isa = PBXBuildFile; fileRef = 2B8994E51CA3C14E0084E61A /* LaunchScreen.storyboard */; };
		2B8994F21CA3C14E0084E61A /* DoItAppTests.swift in Sources */ = {isa = PBXBuildFile; fileRef = 2B8994F11CA3C14E0084E61A /* DoItAppTests.swift */; };
		2B8994FD1CA3C14E0084E61A /* DoItAppUITests.swift in Sources */ = {isa = PBXBuildFile; fileRef = 2B8994FC1CA3C14E0084E61A /* DoItAppUITests.swift */; };
/* End PBXBuildFile section */

/* Begin PBXContainerItemProxy section */
		2B8994EE1CA3C14E0084E61A /* PBXContainerItemProxy */ = {
			isa = PBXContainerItemProxy;
			containerPortal = 2B8994D11CA3C14E0084E61A /* Project object */;
			proxyType = 1;
			remoteGlobalIDString = 2B8994D81CA3C14E0084E61A;
			remoteInfo = DoItApp;
		};
		2B8994F91CA3C14E0084E61A /* PBXContainerItemProxy */ = {
			isa = PBXContainerItemProxy;
			containerPortal = 2B8994D11CA3C14E0084E61A /* Project object */;
			proxyType = 1;
			remoteGlobalIDString = 2B8994D81CA3C14E0084E61A;
			remoteInfo = DoItApp;
		};
/* End PBXContainerItemProxy section */

/* Begin PBXFileReference section */
		2B8994D91CA3C14E0084E61A /* DoItApp.app */ = {isa = PBXFileReference; explicitFileType = wrapper.application; includeInIndex = 0; path = DoItApp.app; sourceTree = BUILT_PRODUCTS_DIR; };
		2B8994DC1CA3C14E0084E61A /* AppDelegate.swift */ = {isa = PBXFileReference; lastKnownFileType = sourcecode.swift; path = AppDelegate.swift; sourceTree = "<group>"; };
		2B8994DE1CA3C14E0084E61A /* ViewController.swift */ = {isa = PBXFileReference; lastKnownFileType = sourcecode.swift; path = ViewController.swift; sourceTree = "<group>"; };
		2B8994E11CA3C14E0084E61A /* Base */ = {isa = PBXFileReference; lastKnownFileType = file.storyboard; name = Base; path = Base.lproj/Main.storyboard; sourceTree = "<group>"; };
		2B8994E31CA3C14E0084E61A /* Assets.xcassets */ = {isa = PBXFileReference; lastKnownFileType = folder.assetcatalog; path = Assets.xcassets; sourceTree = "<group>"; };
		2B8994E61CA3C14E0084E61A /* Base */ = {isa = PBXFileReference; lastKnownFileType = file.storyboard; name = Base; path = Base.lproj/LaunchScreen.storyboard; sourceTree = "<group>"; };
		2B8994E81CA3C14E0084E61A /* Info.plist */ = {isa = PBXFileReference; lastKnownFileType = text.plist.xml; path = Info.plist; sourceTree = "<group>"; };
		2B8994ED1CA3C14E0084E61A /* DoItAppTests.xctest */ = {isa = PBXFileReference; explicitFileType = wrapper.cfbundle; includeInIndex = 0; path = DoItAppTests.xctest; sourceTree = BUILT_PRODUCTS_DIR; };
		2B8994F11CA3C14E0084E61A /* DoItAppTests.swift */ = {isa = PBXFileReference; lastKnownFileType = sourcecode.swift; path = DoItAppTests.swift; sourceTree = "<group>"; };
		2B8994F31CA3C14E0084E61A /* Info.plist */ = {isa = PBXFileReference; lastKnownFileType = text.plist.xml; path = Info.plist; sourceTree = "<group>"; };
		2B8994F81CA3C14E0084E61A /* DoItAppUITests.xctest */ = {isa = PBXFileReference; explicitFileType = wrapper.cfbundle; includeInIndex = 0; path = DoItAppUITests.xctest; sourceTree = BUILT_PRODUCTS_DIR; };
		2B8994FC1CA3C14E0084E61A /* DoItAppUITests.swift */ = {isa = PBXFileReference; lastKnownFileType = sourcecode.swift; path = DoItAppUITests.swift; sourceTree = "<group>"; };
		2B8994FE1CA3C14E0084E61A /* Info.plist */ = {isa = PBXFileReference; lastKnownFileType = text.plist.xml; path = Info.plist; sourceTree = "<group>"; };
/* End PBXFileReference section */

/* Begin PBXFrameworksBuildPhase section */
		2B8994D61CA3C14E0084E61A /* Frameworks */ = {
			isa = PBXFrameworksBuildPhase;
			buildActionMask = 2147483647;
			files = (
			);
			runOnlyForDeploymentPostprocessing = 0;
		};
		2B8994EA1CA3C14E0084E61A /* Frameworks */ = {
			isa = PBXFrameworksBuildPhase;
			buildActionMask = 2147483647;
			files = (
			);
			runOnlyForDeploymentPostprocessing = 0;
		};
		2B8994F51CA3C14E0084E61A /* Frameworks */ = {
			isa = PBXFrameworksBuildPhase;
			buildActionMask = 2147483647;
			files = (
			);
			runOnlyForDeploymentPostprocessing = 0;
		};
/* End PBXFrameworksBuildPhase section */

/* Begin PBXGroup section */
		2B8994D01CA3C14E0084E61A = {
			isa = PBXGroup;
			children = (
				2B8994DB1CA3C14E0084E61A /* DoItApp */,
				2B8994F01CA3C14E0084E61A /* DoItAppTests */,
				2B8994FB1CA3C14E0084E61A /* DoItAppUITests */,
				2B8994DA1CA3C14E0084E61A /* Products */,
			);
			sourceTree = "<group>";
		};
		2B8994DA1CA3C14E0084E61A /* Products */ = {
			isa = PBXGroup;
			children = (
				2B8994D91CA3C14E0084E61A /* DoItApp.app */,
				2B8994ED1CA3C14E0084E61A /* DoItAppTests.xctest */,
				2B8994F81CA3C14E0084E61A /* DoItAppUITests.xctest */,
			);
			name = Products;
			sourceTree = "<group>";
		};
		2B8994DB1CA3C14E0084E61A /* DoItApp */ = {
			isa = PBXGroup;
			children = (
				2B8994DC1CA3C14E0084E61A /* AppDelegate.swift */,
				2B8994DE1CA3C14E0084E61A /* ViewController.swift */,
				2B8994E01CA3C14E0084E61A /* Main.storyboard */,
				2B8994E31CA3C14E0084E61A /* Assets.xcassets */,
				2B8994E51CA3C14E0084E61A /* LaunchScreen.storyboard */,
				2B8994E81CA3C14E0084E61A /* Info.plist */,
			);
			path = DoItApp;
			sourceTree = "<group>";
		};
		2B8994F01CA3C14E0084E61A /* DoItAppTests */ = {
			isa = PBXGroup;
			children = (
				2B8994F11CA3C14E0084E61A /* DoItAppTests.swift */,
				2B8994F31CA3C14E0084E61A /* Info.plist */,
			);
			path = DoItAppTests;
			sourceTree = "<group>";
		};
		2B8994FB1CA3C14E0084E61A /* DoItAppUITests */ = {
			isa = PBXGroup;
			children = (
				2B8994FC1CA3C14E0084E61A /* DoItAppUITests.swift */,
				2B8994FE1CA3C14E0084E61A /* Info.plist */,
			);
			path = DoItAppUITests;
			sourceTree = "<group>";
		};
/* End PBXGroup section */

/* Begin PBXNativeTarget section */
		2B8994D81CA3C14E0084E61A /* DoItApp */ = {
			isa = PBXNativeTarget;
			buildConfigurationList = 2B8995011CA3C14E0084E61A /* Build configuration list for PBXNativeTarget "DoItApp" */;
			buildPhases = (
				2B8994D51CA3C14E0084E61A /* Sources */,
				2B8994D61CA3C14E0084E61A /* Frameworks */,
				2B8994D71CA3C14E0084E61A /* Resources */,
			);
			buildRules = (
			);
			dependencies = (
			);
			name = DoItApp;
			productName = DoItApp;
			productReference = 2B8994D91CA3C14E0084E61A /* DoItApp.app */;
			productType = "com.apple.product-type.application";
		};
		2B8994EC1CA3C14E0084E61A /* DoItAppTests */ = {
			isa = PBXNativeTarget;
			buildConfigurationList = 2B8995041CA3C14E0084E61A /* Build configuration list for PBXNativeTarget "DoItAppTests" */;
			buildPhases = (
				2B8994E91CA3C14E0084E61A /* Sources */,
				2B8994EA1CA3C14E0084E61A /* Frameworks */,
				2B8994EB1CA3C14E0084E61A /* Resources */,
			);
			buildRules = (
			);
			dependencies = (
				2B8994EF1CA3C14E0084E61A /* PBXTargetDependency */,
			);
			name = DoItAppTests;
			productName = DoItAppTests;
			productReference = 2B8994ED1CA3C14E0084E61A /* DoItAppTests.xctest */;
			productType = "com.apple.product-type.bundle.unit-test";
		};
		2B8994F71CA3C14E0084E61A /* DoItAppUITests */ = {
			isa = PBXNativeTarget;
			buildConfigurationList = 2B8995071CA3C14E0084E61A /* Build configuration list for PBXNativeTarget "DoItAppUITests" */;
			buildPhases = (
				2B8994F41CA3C14E0084E61A /* Sources */,
				2B8994F51CA3C14E0084E61A /* Frameworks */,
				2B8994F61CA3C14E0084E61A /* Resources */,
			);
			buildRules = (
			);
			dependencies = (
				2B8994FA1CA3C14E0084E61A /* PBXTargetDependency */,
			);
			name = DoItAppUITests;
			productName = DoItAppUITests;
			productReference = 2B8994F81CA3C14E0084E61A /* DoItAppUITests.xctest */;
			productType = "com.apple.product-type.bundle.ui-testing";
		};
/* End PBXNativeTarget section */

/* Begin PBXProject section */
		2B8994D11CA3C14E0084E61A /* Project object */ = {
			isa = PBXProject;
			attributes = {
				LastSwiftUpdateCheck = 0730;
				LastUpgradeCheck = 0730;
				ORGANIZATIONNAME = "Dali Lin";
				TargetAttributes = {
					2B8994D81CA3C14E0084E61A = {
						CreatedOnToolsVersion = 7.3;
					};
					2B8994EC1CA3C14E0084E61A = {
						CreatedOnToolsVersion = 7.3;
						TestTargetID = 2B8994D81CA3C14E0084E61A;
					};
					2B8994F71CA3C14E0084E61A = {
						CreatedOnToolsVersion = 7.3;
						TestTargetID = 2B8994D81CA3C14E0084E61A;
					};
				};
			};
			buildConfigurationList = 2B8994D41CA3C14E0084E61A /* Build configuration list for PBXProject "DoItApp" */;
			compatibilityVersion = "Xcode 3.2";
			developmentRegion = English;
			hasScannedForEncodings = 0;
			knownRegions = (
				en,
				Base,
			);
			mainGroup = 2B8994D01CA3C14E0084E61A;
			productRefGroup = 2B8994DA1CA3C14E0084E61A /* Products */;
			projectDirPath = "";
			projectRoot = "";
			targets = (
				2B8994D81CA3C14E0084E61A /* DoItApp */,
				2B8994EC1CA3C14E0084E61A /* DoItAppTests */,
				2B8994F71CA3C14E0084E61A /* DoItAppUITests */,
			);
		};
/* End PBXProject section */

/* Begin PBXResourcesBuildPhase section */
		2B8994D71CA3C14E0084E61A /* Resources */ = {
			isa = PBXResourcesBuildPhase;
			buildActionMask = 2147483647;
			files = (
				2B8994E71CA3C14E0084E61A /* LaunchScreen.storyboard in Resources */,
				2B8994E41CA3C14E0084E61A /* Assets.xcassets in Resources */,
				2B8994E21CA3C14E0084E61A /* Main.storyboard in Resources */,
			);
			runOnlyForDeploymentPostprocessing = 0;
		};
		2B8994EB1CA3C14E0084E61A /* Resources */ = {
			isa = PBXResourcesBuildPhase;
			buildActionMask = 2147483647;
			files = (
			);
			runOnlyForDeploymentPostprocessing = 0;
		};
		2B8994F61CA3C14E0084E61A /* Resources */ = {
			isa = PBXResourcesBuildPhase;
			buildActionMask = 2147483647;
			files = (
			);
			runOnlyForDeploymentPostprocessing = 0;
		};
/* End PBXResourcesBuildPhase section */

/* Begin PBXSourcesBuildPhase section */
		2B8994D51CA3C14E0084E61A /* Sources */ = {
			isa = PBXSourcesBuildPhase;
			buildActionMask = 2147483647;
			files = (
				2B8994DF1CA3C14E0084E61A /* ViewController.swift in Sources */,
				2B8994DD1CA3C14E0084E61A /* AppDelegate.swift in Sources */,
			);
			runOnlyForDeploymentPostprocessing = 0;
		};
		2B8994E91CA3C14E0084E61A /* Sources */ = {
			isa = PBXSourcesBuildPhase;
			buildActionMask = 2147483647;
			files = (
				2B8994F21CA3C14E0084E61A /* DoItAppTests.swift in Sources */,
			);
			runOnlyForDeploymentPostprocessing = 0;
		};
		2B8994F41CA3C14E0084E61A /* Sources */ = {
			isa = PBXSourcesBuildPhase;
			buildActionMask = 2147483647;
			files = (
				2B8994FD1CA3C14E0084E61A /* DoItAppUITests.swift in Sources */,
			);
			runOnlyForDeploymentPostprocessing = 0;
		};
/* End PBXSourcesBuildPhase section */

/* Begin PBXTargetDependency section */
		2B8994EF1CA3C14E0084E61A /* PBXTargetDependency */ = {
			isa = PBXTargetDependency;
			target = 2B8994D81CA3C14E0084E61A /* DoItApp */;
			targetProxy = 2B8994EE1CA3C14E0084E61A /* PBXContainerItemProxy */;
		};
		2B8994FA1CA3C14E0084E61A /* PBXTargetDependency */ = {
			isa = PBXTargetDependency;
			target = 2B8994D81CA3C14E0084E61A /* DoItApp */;
			targetProxy = 2B8994F91CA3C14E0084E61A /* PBXContainerItemProxy */;
		};
/* End PBXTargetDependency section */

/* Begin PBXVariantGroup section */
		2B8994E01CA3C14E0084E61A /* Main.storyboard */ = {
			isa = PBXVariantGroup;
			children = (
				2B8994E11CA3C14E0084E61A /* Base */,
			);
			name = Main.storyboard;
			sourceTree = "<group>";
		};
		2B8994E51CA3C14E0084E61A /* LaunchScreen.storyboard */ = {
			isa = PBXVariantGroup;
			children = (
				2B8994E61CA3C14E0084E61A /* Base */,
			);
			name = LaunchScreen.storyboard;
			sourceTree = "<group>";
		};
/* End PBXVariantGroup section */

/* Begin XCBuildConfiguration section */
		2B8994FF1CA3C14E0084E61A /* Debug */ = {
			isa = XCBuildConfiguration;
			buildSettings = {
				ALWAYS_SEARCH_USER_PATHS = NO;
				CLANG_ANALYZER_NONNULL = YES;
				CLANG_CXX_LANGUAGE_STANDARD = "gnu++0x";
				CLANG_CXX_LIBRARY = "libc++";
				CLANG_ENABLE_MODULES = YES;
				CLANG_ENABLE_OBJC_ARC = YES;
				CLANG_WARN_BOOL_CONVERSION = YES;
				CLANG_WARN_CONSTANT_CONVERSION = YES;
				CLANG_WARN_DIRECT_OBJC_ISA_USAGE = YES_ERROR;
				CLANG_WARN_EMPTY_BODY = YES;
				CLANG_WARN_ENUM_CONVERSION = YES;
				CLANG_WARN_INT_CONVERSION = YES;
				CLANG_WARN_OBJC_ROOT_CLASS = YES_ERROR;
				CLANG_WARN_UNREACHABLE_CODE = YES;
				CLANG_WARN__DUPLICATE_METHOD_MATCH = YES;
				"CODE_SIGN_IDENTITY[sdk=iphoneos*]" = "iPhone Developer";
				COPY_PHASE_STRIP = NO;
				DEBUG_INFORMATION_FORMAT = dwarf;
				ENABLE_STRICT_OBJC_MSGSEND = YES;
				ENABLE_TESTABILITY = YES;
				GCC_C_LANGUAGE_STANDARD = gnu99;
				GCC_DYNAMIC_NO_PIC = NO;
				GCC_NO_COMMON_BLOCKS = YES;
				GCC_OPTIMIZATION_LEVEL = 0;
				GCC_PREPROCESSOR_DEFINITIONS = (
					"DEBUG=1",
					"$(inherited)",
				);
				GCC_WARN_64_TO_32_BIT_CONVERSION = YES;
				GCC_WARN_ABOUT_RETURN_TYPE = YES_ERROR;
				GCC_WARN_UNDECLARED_SELECTOR = YES;
				GCC_WARN_UNINITIALIZED_AUTOS = YES_AGGRESSIVE;
				GCC_WARN_UNUSED_FUNCTION = YES;
				GCC_WARN_UNUSED_VARIABLE = YES;
				IPHONEOS_DEPLOYMENT_TARGET = 9.3;
				MTL_ENABLE_DEBUG_INFO = YES;
				ONLY_ACTIVE_ARCH = YES;
				SDKROOT = iphoneos;
				SWIFT_OPTIMIZATION_LEVEL = "-Onone";
				TARGETED_DEVICE_FAMILY = "1,2";
			};
			name = Debug;
		};
		2B8995001CA3C14E0084E61A /* Release */ = {
			isa = XCBuildConfiguration;
			buildSettings = {
				ALWAYS_SEARCH_USER_PATHS = NO;
				CLANG_ANALYZER_NONNULL = YES;
				CLANG_CXX_LANGUAGE_STANDARD = "gnu++0x";
				CLANG_CXX_LIBRARY = "libc++";
				CLANG_ENABLE_MODULES = YES;
				CLANG_ENABLE_OBJC_ARC = YES;
				CLANG_WARN_BOOL_CONVERSION = YES;
				CLANG_WARN_CONSTANT_CONVERSION = YES;
				CLANG_WARN_DIRECT_OBJC_ISA_USAGE = YES_ERROR;
				CLANG_WARN_EMPTY_BODY = YES;
				CLANG_WARN_ENUM_CONVERSION = YES;
				CLANG_WARN_INT_CONVERSION = YES;
				CLANG_WARN_OBJC_ROOT_CLASS = YES_ERROR;
				CLANG_WARN_UNREACHABLE_CODE = YES;
				CLANG_WARN__DUPLICATE_METHOD_MATCH = YES;
				"CODE_SIGN_IDENTITY[sdk=iphoneos*]" = "iPhone Developer";
				COPY_PHASE_STRIP = NO;
				DEBUG_INFORMATION_FORMAT = "dwarf-with-dsym";
				ENABLE_NS_ASSERTIONS = NO;
				ENABLE_STRICT_OBJC_MSGSEND = YES;
				GCC_C_LANGUAGE_STANDARD = gnu99;
				GCC_NO_COMMON_BLOCKS = YES;
				GCC_WARN_64_TO_32_BIT_CONVERSION = YES;
				GCC_WARN_ABOUT_RETURN_TYPE = YES_ERROR;
				GCC_WARN_UNDECLARED_SELECTOR = YES;
				GCC_WARN_UNINITIALIZED_AUTOS = YES_AGGRESSIVE;
				GCC_WARN_UNUSED_FUNCTION = YES;
				GCC_WARN_UNUSED_VARIABLE = YES;
				IPHONEOS_DEPLOYMENT_TARGET = 9.3;
				MTL_ENABLE_DEBUG_INFO = NO;
				SDKROOT = iphoneos;
				TARGETED_DEVICE_FAMILY = "1,2";
				VALIDATE_PRODUCT = YES;
			};
			name = Release;
		};
		2B8995021CA3C14E0084E61A /* Debug */ = {
			isa = XCBuildConfiguration;
			buildSettings = {
				ASSETCATALOG_COMPILER_APPICON_NAME = AppIcon;
				INFOPLIST_FILE = DoItApp/Info.plist;
				LD_RUNPATH_SEARCH_PATHS = "$(inherited) @executable_path/Frameworks";
				PRODUCT_BUNDLE_IDENTIFIER = dali.DoItApp;
				PRODUCT_NAME = "$(TARGET_NAME)";
			};
			name = Debug;
		};
		2B8995031CA3C14E0084E61A /* Release */ = {
			isa = XCBuildConfiguration;
			buildSettings = {
				ASSETCATALOG_COMPILER_APPICON_NAME = AppIcon;
				INFOPLIST_FILE = DoItApp/Info.plist;
				LD_RUNPATH_SEARCH_PATHS = "$(inherited) @executable_path/Frameworks";
				PRODUCT_BUNDLE_IDENTIFIER = dali.DoItApp;
				PRODUCT_NAME = "$(TARGET_NAME)";
			};
			name = Release;
		};
		2B8995051CA3C14E0084E61A /* Debug */ = {
			isa = XCBuildConfiguration;
			buildSettings = {
				BUNDLE_LOADER = "$(TEST_HOST)";
				INFOPLIST_FILE = DoItAppTests/Info.plist;
				LD_RUNPATH_SEARCH_PATHS = "$(inherited) @executable_path/Frameworks @loader_path/Frameworks";
				PRODUCT_BUNDLE_IDENTIFIER = dali.DoItAppTests;
				PRODUCT_NAME = "$(TARGET_NAME)";
				TEST_HOST = "$(BUILT_PRODUCTS_DIR)/DoItApp.app/DoItApp";
			};
			name = Debug;
		};
		2B8995061CA3C14E0084E61A /* Release */ = {
			isa = XCBuildConfiguration;
			buildSettings = {
				BUNDLE_LOADER = "$(TEST_HOST)";
				INFOPLIST_FILE = DoItAppTests/Info.plist;
				LD_RUNPATH_SEARCH_PATHS = "$(inherited) @executable_path/Frameworks @loader_path/Frameworks";
				PRODUCT_BUNDLE_IDENTIFIER = dali.DoItAppTests;
				PRODUCT_NAME = "$(TARGET_NAME)";
				TEST_HOST = "$(BUILT_PRODUCTS_DIR)/DoItApp.app/DoItApp";
			};
			name = Release;
		};
		2B8995081CA3C14E0084E61A /* Debug */ = {
			isa = XCBuildConfiguration;
			buildSettings = {
				INFOPLIST_FILE = DoItAppUITests/Info.plist;
				LD_RUNPATH_SEARCH_PATHS = "$(inherited) @executable_path/Frameworks @loader_path/Frameworks";
				PRODUCT_BUNDLE_IDENTIFIER = dali.DoItAppUITests;
				PRODUCT_NAME = "$(TARGET_NAME)";
				TEST_TARGET_NAME = DoItApp;
			};
			name = Debug;
		};
		2B8995091CA3C14E0084E61A /* Release */ = {
			isa = XCBuildConfiguration;
			buildSettings = {
				INFOPLIST_FILE = DoItAppUITests/Info.plist;
				LD_RUNPATH_SEARCH_PATHS = "$(inherited) @executable_path/Frameworks @loader_path/Frameworks";
				PRODUCT_BUNDLE_IDENTIFIER = dali.DoItAppUITests;
				PRODUCT_NAME = "$(TARGET_NAME)";
				TEST_TARGET_NAME = DoItApp;
			};
			name = Release;
		};
/* End XCBuildConfiguration section */

/* Begin XCConfigurationList section */
		2B8994D41CA3C14E0084E61A /* Build configuration list for PBXProject "DoItApp" */ = {
			isa = XCConfigurationList;
			buildConfigurations = (
				2B8994FF1CA3C14E0084E61A /* Debug */,
				2B8995001CA3C14E0084E61A /* Release */,
			);
			defaultConfigurationIsVisible = 0;
			defaultConfigurationName = Release;
		};
		2B8995011CA3C14E0084E61A /* Build configuration list for PBXNativeTarget "DoItApp" */ = {
			isa = XCConfigurationList;
			buildConfigurations = (
				2B8995021CA3C14E0084E61A /* Debug */,
				2B8995031CA3C14E0084E61A /* Release */,
			);
			defaultConfigurationIsVisible = 0;
		};
		2B8995041CA3C14E0084E61A /* Build configuration list for PBXNativeTarget "DoItAppTests" */ = {
			isa = XCConfigurationList;
			buildConfigurations = (
				2B8995051CA3C14E0084E61A /* Debug */,
				2B8995061CA3C14E0084E61A /* Release */,
			);
			defaultConfigurationIsVisible = 0;
		};
		2B8995071CA3C14E0084E61A /* Build configuration list for PBXNativeTarget "DoItAppUITests" */ = {
			isa = XCConfigurationList;
			buildConfigurations = (
				2B8995081CA3C14E0084E61A /* Debug */,
				2B8995091CA3C14E0084E61A /* Release */,
			);
			defaultConfigurationIsVisible = 0;
		};
/* End XCConfigurationList section */
	};
	rootObject = 2B8994D11CA3C14E0084E61A /* Project object */;
}
